
Microsoft Visual Studio Solution File, Format Version 12.00
# Visual Studio 2012
Project("{FAE04EC0-301F-11D3-BF4B-00C04F79EFBC}") = "ConsoleApp", "ConsoleApp\ConsoleApp.csproj", "{7AA5E8A8-8B3E-4290-ABEE-466718342876}"
EndProject
Project("{FAE04EC0-301F-11D3-BF4B-00C04F79EFBC}") = "SocketAgent", "SocketAgent\SocketAgent.csproj", "{4921F00C-28F6-444F-B4AA-AAB82F00E4E8}"
EndProject
Project("{FAE04EC0-301F-11D3-BF4B-00C04F79EFBC}") = "ETermSimulator", "ETermSimulator\ETermSimulator.csproj", "{0C5EDE5C-EE87-4456-B8AF-D031E54AB586}"
EndProject
Project("{FAE04EC0-301F-11D3-BF4B-00C04F79EFBC}") = "SocketClient", "SocketClient\SocketClient.csproj", "{165F68ED-850D-43AD-8D5E-444C8C19BAA9}"
EndProject
Global
	GlobalSection(SolutionConfigurationPlatforms) = preSolution
		Debug|Any CPU = Debug|Any CPU
		Release|Any CPU = Release|Any CPU
	EndGlobalSection
	GlobalSection(ProjectConfigurationPlatforms) = postSolution
		{7AA5E8A8-8B3E-4290-ABEE-466718342876}.Debug|Any CPU.ActiveCfg = Debug|Any CPU
		{7AA5E8A8-8B3E-4290-ABEE-466718342876}.Debug|Any CPU.Build.0 = Debug|Any CPU
		{7AA5E8A8-8B3E-4290-ABEE-466718342876}.Release|Any CPU.ActiveCfg = Release|Any CPU
		{7AA5E8A8-8B3E-4290-ABEE-466718342876}.Release|Any CPU.Build.0 = Release|Any CPU
		{4921F00C-28F6-444F-B4AA-AAB82F00E4E8}.Debug|Any CPU.ActiveCfg = Debug|Any CPU
		{4921F00C-28F6-444F-B4AA-AAB82F00E4E8}.Debug|Any CPU.Build.0 = Debug|Any CPU
		{4921F00C-28F6-444F-B4AA-AAB82F00E4E8}.Release|Any CPU.ActiveCfg = Release|Any CPU
		{4921F00C-28F6-444F-B4AA-AAB82F00E4E8}.Release|Any CPU.Build.0 = Release|Any CPU
		{0C5EDE5C-EE87-4456-B8AF-D031E54AB586}.Debug|Any CPU.ActiveCfg = Debug|Any CPU
		{0C5EDE5C-EE87-4456-B8AF-D031E54AB586}.Debug|Any CPU.Build.0 = Debug|Any CPU
		{0C5EDE5C-EE87-4456-B8AF-D031E54AB586}.Release|Any CPU.ActiveCfg = Release|Any CPU
		{0C5EDE5C-EE87-4456-B8AF-D031E54AB586}.Release|Any CPU.Build.0 = Release|Any CPU
		{165F68ED-850D-43AD-8D5E-444C8C19BAA9}.Debug|Any CPU.ActiveCfg = Debug|Any CPU
		{165F68ED-850D-43AD-8D5E-444C8C19BAA9}.Debug|Any CPU.Build.0 = Debug|Any CPU
		{165F68ED-850D-43AD-8D5E-444C8C19BAA9}.Release|Any CPU.ActiveCfg = Release|Any CPU
		{165F68ED-850D-43AD-8D5E-444C8C19BAA9}.Release|Any CPU.Build.0 = Release|Any CPU
	EndGlobalSection
	GlobalSection(SolutionProperties) = preSolution
		HideSolutionNode = FALSE
	EndGlobalSection
EndGlobal
